
Microsoft Visual Studio Solution File, Format Version 12.00
# Visual Studio Version 17
VisualStudioVersion = 17.7.34003.232
MinimumVisualStudioVersion = 10.0.40219.1
Project("{2150E333-8FDC-42A3-9474-1A3956D46DE8}") = "AuthManagement", "AuthManagement", "{14D5A279-C185-46FB-9A0E-39306C29D9CE}"
EndProject
Project("{2150E333-8FDC-42A3-9474-1A3956D46DE8}") = "NotificationManagement", "NotificationManagement", "{E9F30DF1-490E-4414-BE22-9587C812F738}"
EndProject
Project("{2150E333-8FDC-42A3-9474-1A3956D46DE8}") = "MessagingManagement", "MessagingManagement", "{BA1B85A2-2254-42D5-8528-2976D2B247EF}"
EndProject
Project("{2150E333-8FDC-42A3-9474-1A3956D46DE8}") = "GroupManagement", "GroupManagement", "{69886299-70F8-49CB-A673-6C00A69D75F5}"
EndProject
Project("{2150E333-8FDC-42A3-9474-1A3956D46DE8}") = "PageManagement", "PageManagement", "{1CDECF73-A63A-4FB2-B418-9D88AE5C95E4}"
EndProject
Project("{2150E333-8FDC-42A3-9474-1A3956D46DE8}") = "PostManagement", "PostManagement", "{A0082D8E-62CA-44DA-86A7-1BC7928A960E}"
EndProject
Project("{2150E333-8FDC-42A3-9474-1A3956D46DE8}") = "WatchManagement", "WatchManagement", "{8E0840E4-AE24-4985-8A80-B6218A10442F}"
EndProject
Project("{2150E333-8FDC-42A3-9474-1A3956D46DE8}") = "ProfileManagement", "ProfileManagement", "{995364B6-F2B4-4A64-90B0-C1A57A3E41F4}"
EndProject
Project("{2150E333-8FDC-42A3-9474-1A3956D46DE8}") = "Gateway", "Gateway", "{0D7348C2-9491-4B84-B619-A3D0DCC6C7A0}"
EndProject
Project("{FAE04EC0-301F-11D3-BF4B-00C04F79EFBC}") = "ApiGateway", "ApiGateway\ApiGateway.csproj", "{1F58EAA8-55B6-411A-8CFF-739A0FA4F0FB}"
EndProject
Project("{2150E333-8FDC-42A3-9474-1A3956D46DE8}") = "SettingManagement", "SettingManagement", "{48C44B40-6076-490C-8AD4-7318CD13C5DE}"
EndProject
Project("{FAE04EC0-301F-11D3-BF4B-00C04F79EFBC}") = "AuthManagement.Api", "AuthManagement.Api\AuthManagement.Api.csproj", "{6DA79CC1-DAFA-46ED-B855-1F6FE5AFE688}"
EndProject
Project("{FAE04EC0-301F-11D3-BF4B-00C04F79EFBC}") = "AuthManagement.Application", "AuthManagement.Application\AuthManagement.Application.csproj", "{2CF91FF3-1E33-4297-9814-4DD53B437416}"
EndProject
Project("{FAE04EC0-301F-11D3-BF4B-00C04F79EFBC}") = "AuthManagement.Domain", "AuthManagement.Domain\AuthManagement.Domain.csproj", "{DC70A524-D2BE-45A4-8148-FC452AE5F8C1}"
EndProject
Project("{FAE04EC0-301F-11D3-BF4B-00C04F79EFBC}") = "AuthManagement.Infrastructure", "AuthManagement.Infrastructure\AuthManagement.Infrastructure.csproj", "{2D488BEE-9DED-4D3B-871E-BC972731D77F}"
EndProject
Project("{FAE04EC0-301F-11D3-BF4B-00C04F79EFBC}") = "GroupManagement.Api", "GroupManagement.Api\GroupManagement.Api.csproj", "{DE8AC213-7722-452D-987B-D6D0B6CFFE35}"
EndProject
Project("{FAE04EC0-301F-11D3-BF4B-00C04F79EFBC}") = "GroupManagement.Application", "GroupManagement.Application\GroupManagement.Application.csproj", "{D500CAC9-5ABB-4322-8319-C976666B9756}"
EndProject
Project("{FAE04EC0-301F-11D3-BF4B-00C04F79EFBC}") = "GroupManagement.Domain", "GroupManagement.Domain\GroupManagement.Domain.csproj", "{C1C33F33-1FBF-445F-B11D-026460025AF4}"
EndProject
Project("{FAE04EC0-301F-11D3-BF4B-00C04F79EFBC}") = "GroupManagement.Infrastructure", "GroupManagement.Infrastructure\GroupManagement.Infrastructure.csproj", "{A4232118-F061-4920-A7AE-ED23FCBF74C2}"
EndProject
Project("{FAE04EC0-301F-11D3-BF4B-00C04F79EFBC}") = "MessagingManagement.Api", "MessagingManagement.Api\MessagingManagement.Api.csproj", "{393C69CF-C045-4624-ACE3-64EF10D83E2C}"
EndProject
Project("{FAE04EC0-301F-11D3-BF4B-00C04F79EFBC}") = "MessagingManagement.Application", "MessagingManagement.Application\MessagingManagement.Application.csproj", "{C390074E-99CD-4578-A663-A6D55DD4A454}"
EndProject
Project("{FAE04EC0-301F-11D3-BF4B-00C04F79EFBC}") = "MessagingManagement.Domain", "MessagingManagement.Domain\MessagingManagement.Domain.csproj", "{ADFC7B7B-FAF6-49B0-A5C8-34995E513B58}"
EndProject
Project("{FAE04EC0-301F-11D3-BF4B-00C04F79EFBC}") = "MessagingManagement.Infrastructure", "MessagingManagement.Infrastructure\MessagingManagement.Infrastructure.csproj", "{31C6401B-7B90-47DC-8D36-F3EA391BD08B}"
EndProject
Project("{FAE04EC0-301F-11D3-BF4B-00C04F79EFBC}") = "NotificationManagement.Api", "NotificationManagement.Api\NotificationManagement.Api.csproj", "{D6CE2066-4D42-48C3-AEF5-076ECF51B679}"
EndProject
Project("{FAE04EC0-301F-11D3-BF4B-00C04F79EFBC}") = "NotificationManagement.Application", "NotificationManagement.Application\NotificationManagement.Application.csproj", "{A097B023-D29A-41E7-A180-26BBA8C3C00C}"
EndProject
Project("{FAE04EC0-301F-11D3-BF4B-00C04F79EFBC}") = "NotificationManagement.Domain", "NotificationManagement.Domain\NotificationManagement.Domain.csproj", "{9201A3DD-4891-4C1B-AD3D-AD7B8EDAE053}"
EndProject
Project("{FAE04EC0-301F-11D3-BF4B-00C04F79EFBC}") = "NotificationManagement.Infrastructure", "NotificationManagement.Infrastructure\NotificationManagement.Infrastructure.csproj", "{5A42481A-ED0C-4245-B649-34BF304F05E0}"
EndProject
Project("{FAE04EC0-301F-11D3-BF4B-00C04F79EFBC}") = "PageManagement.Api", "PageManagement.Api\PageManagement.Api.csproj", "{4065B528-5C63-491C-BA8A-82B0C3B19F06}"
EndProject
Project("{FAE04EC0-301F-11D3-BF4B-00C04F79EFBC}") = "PageManagement.Application", "PageManagement.Application\PageManagement.Application.csproj", "{09D7E43C-6889-425E-9613-513571634045}"
EndProject
Project("{FAE04EC0-301F-11D3-BF4B-00C04F79EFBC}") = "PageManagement.Domain", "PageManagement.Domain\PageManagement.Domain.csproj", "{4A07C4CC-5A16-46E0-8542-0ECF2B91076C}"
EndProject
Project("{FAE04EC0-301F-11D3-BF4B-00C04F79EFBC}") = "PageManagement.Infrastructure", "PageManagement.Infrastructure\PageManagement.Infrastructure.csproj", "{DE78ADA4-D5C6-422A-97B0-EBED02D9943B}"
EndProject
Project("{FAE04EC0-301F-11D3-BF4B-00C04F79EFBC}") = "PostManagement.Api", "PostManagement.Api\PostManagement.Api.csproj", "{56F46CA2-4B4E-4004-8B43-67F290A52B8A}"
EndProject
Project("{FAE04EC0-301F-11D3-BF4B-00C04F79EFBC}") = "PostManagement.Application", "PostManagement.Application\PostManagement.Application.csproj", "{7A613CF8-9DE9-4630-85CC-E04257B53171}"
EndProject
Project("{FAE04EC0-301F-11D3-BF4B-00C04F79EFBC}") = "PostManagement.Domain", "PostManagement.Domain\PostManagement.Domain.csproj", "{CD83EAE5-8E2E-493D-8B9B-F8CA4D3A839C}"
EndProject
Project("{FAE04EC0-301F-11D3-BF4B-00C04F79EFBC}") = "PostManagement.Infrastructure", "PostManagement.Infrastructure\PostManagement.Infrastructure.csproj", "{FF046705-C5FC-4897-B621-C230CA9F8C42}"
EndProject
Project("{FAE04EC0-301F-11D3-BF4B-00C04F79EFBC}") = "ProfileManagement.Api", "ProfileManagement.Api\ProfileManagement.Api.csproj", "{3F32890F-ADCE-4B10-9C6A-48F27586ECCC}"
EndProject
Project("{FAE04EC0-301F-11D3-BF4B-00C04F79EFBC}") = "ProfileManagement.Application", "ProfileManagement.Application\ProfileManagement.Application.csproj", "{81DEA9E0-FE5D-4BBE-879A-2DE8039A9AAF}"
EndProject
Project("{FAE04EC0-301F-11D3-BF4B-00C04F79EFBC}") = "ProfileManagement.Domain", "ProfileManagement.Domain\ProfileManagement.Domain.csproj", "{18366F99-0AE8-414D-8BFA-005CA8C17388}"
EndProject
Project("{FAE04EC0-301F-11D3-BF4B-00C04F79EFBC}") = "ProfileManagement.Infrastructure", "ProfileManagement.Infrastructure\ProfileManagement.Infrastructure.csproj", "{7FAFEF82-A759-45F3-8737-F0A0F19BC657}"
EndProject
Project("{FAE04EC0-301F-11D3-BF4B-00C04F79EFBC}") = "SettingManagement.Api", "SettingManagement.Api\SettingManagement.Api.csproj", "{F16AA73C-6C54-4026-91CA-3299D57CDEA1}"
EndProject
Project("{FAE04EC0-301F-11D3-BF4B-00C04F79EFBC}") = "SettingManagement.Application", "SettingManagement.Application\SettingManagement.Application.csproj", "{349124CC-A856-4996-8938-99E4C9247B02}"
EndProject
Project("{FAE04EC0-301F-11D3-BF4B-00C04F79EFBC}") = "SettingManagement.Domain", "SettingManagement.Domain\SettingManagement.Domain.csproj", "{F2858712-B5E7-495A-B3FE-3D0760B66656}"
EndProject
Project("{FAE04EC0-301F-11D3-BF4B-00C04F79EFBC}") = "SettingManagement.Infrastructure", "SettingManagement.Infrastructure\SettingManagement.Infrastructure.csproj", "{FF359B36-3FEC-40D3-B5DA-4FEB165F927C}"
EndProject
Project("{FAE04EC0-301F-11D3-BF4B-00C04F79EFBC}") = "WatchManagement.Api", "WatchManagement.Api\WatchManagement.Api.csproj", "{42E4D2B5-ED3E-421E-A669-7C4BE0165516}"
EndProject
Project("{FAE04EC0-301F-11D3-BF4B-00C04F79EFBC}") = "WatchManagement.Application", "WatchManagement.Application\WatchManagement.Application.csproj", "{C1777640-16CA-47DB-AFBF-956EF6B07F37}"
EndProject
Project("{FAE04EC0-301F-11D3-BF4B-00C04F79EFBC}") = "WatchManagement.Domain", "WatchManagement.Domain\WatchManagement.Domain.csproj", "{B8445EAC-1532-400A-A54B-EB6FE70A4F4F}"
EndProject
Project("{FAE04EC0-301F-11D3-BF4B-00C04F79EFBC}") = "WatchManagement.Infrastructure", "WatchManagement.Infrastructure\WatchManagement.Infrastructure.csproj", "{D6FCECC9-D779-462F-A674-D6854259EBAC}"
EndProject
Global
	GlobalSection(SolutionConfigurationPlatforms) = preSolution
		Debug|Any CPU = Debug|Any CPU
		Release|Any CPU = Release|Any CPU
	EndGlobalSection
	GlobalSection(ProjectConfigurationPlatforms) = postSolution
		{1F58EAA8-55B6-411A-8CFF-739A0FA4F0FB}.Debug|Any CPU.ActiveCfg = Debug|Any CPU
		{1F58EAA8-55B6-411A-8CFF-739A0FA4F0FB}.Debug|Any CPU.Build.0 = Debug|Any CPU
		{1F58EAA8-55B6-411A-8CFF-739A0FA4F0FB}.Release|Any CPU.ActiveCfg = Release|Any CPU
		{1F58EAA8-55B6-411A-8CFF-739A0FA4F0FB}.Release|Any CPU.Build.0 = Release|Any CPU
		{6DA79CC1-DAFA-46ED-B855-1F6FE5AFE688}.Debug|Any CPU.ActiveCfg = Debug|Any CPU
		{6DA79CC1-DAFA-46ED-B855-1F6FE5AFE688}.Debug|Any CPU.Build.0 = Debug|Any CPU
		{6DA79CC1-DAFA-46ED-B855-1F6FE5AFE688}.Release|Any CPU.ActiveCfg = Release|Any CPU
		{6DA79CC1-DAFA-46ED-B855-1F6FE5AFE688}.Release|Any CPU.Build.0 = Release|Any CPU
		{2CF91FF3-1E33-4297-9814-4DD53B437416}.Debug|Any CPU.ActiveCfg = Debug|Any CPU
		{2CF91FF3-1E33-4297-9814-4DD53B437416}.Debug|Any CPU.Build.0 = Debug|Any CPU
		{2CF91FF3-1E33-4297-9814-4DD53B437416}.Release|Any CPU.ActiveCfg = Release|Any CPU
		{2CF91FF3-1E33-4297-9814-4DD53B437416}.Release|Any CPU.Build.0 = Release|Any CPU
		{DC70A524-D2BE-45A4-8148-FC452AE5F8C1}.Debug|Any CPU.ActiveCfg = Debug|Any CPU
		{DC70A524-D2BE-45A4-8148-FC452AE5F8C1}.Debug|Any CPU.Build.0 = Debug|Any CPU
		{DC70A524-D2BE-45A4-8148-FC452AE5F8C1}.Release|Any CPU.ActiveCfg = Release|Any CPU
		{DC70A524-D2BE-45A4-8148-FC452AE5F8C1}.Release|Any CPU.Build.0 = Release|Any CPU
		{2D488BEE-9DED-4D3B-871E-BC972731D77F}.Debug|Any CPU.ActiveCfg = Debug|Any CPU
		{2D488BEE-9DED-4D3B-871E-BC972731D77F}.Debug|Any CPU.Build.0 = Debug|Any CPU
		{2D488BEE-9DED-4D3B-871E-BC972731D77F}.Release|Any CPU.ActiveCfg = Release|Any CPU
		{2D488BEE-9DED-4D3B-871E-BC972731D77F}.Release|Any CPU.Build.0 = Release|Any CPU
		{DE8AC213-7722-452D-987B-D6D0B6CFFE35}.Debug|Any CPU.ActiveCfg = Debug|Any CPU
		{DE8AC213-7722-452D-987B-D6D0B6CFFE35}.Debug|Any CPU.Build.0 = Debug|Any CPU
		{DE8AC213-7722-452D-987B-D6D0B6CFFE35}.Release|Any CPU.ActiveCfg = Release|Any CPU
		{DE8AC213-7722-452D-987B-D6D0B6CFFE35}.Release|Any CPU.Build.0 = Release|Any CPU
		{D500CAC9-5ABB-4322-8319-C976666B9756}.Debug|Any CPU.ActiveCfg = Debug|Any CPU
		{D500CAC9-5ABB-4322-8319-C976666B9756}.Debug|Any CPU.Build.0 = Debug|Any CPU
		{D500CAC9-5ABB-4322-8319-C976666B9756}.Release|Any CPU.ActiveCfg = Release|Any CPU
		{D500CAC9-5ABB-4322-8319-C976666B9756}.Release|Any CPU.Build.0 = Release|Any CPU
		{C1C33F33-1FBF-445F-B11D-026460025AF4}.Debug|Any CPU.ActiveCfg = Debug|Any CPU
		{C1C33F33-1FBF-445F-B11D-026460025AF4}.Debug|Any CPU.Build.0 = Debug|Any CPU
		{C1C33F33-1FBF-445F-B11D-026460025AF4}.Release|Any CPU.ActiveCfg = Release|Any CPU
		{C1C33F33-1FBF-445F-B11D-026460025AF4}.Release|Any CPU.Build.0 = Release|Any CPU
		{A4232118-F061-4920-A7AE-ED23FCBF74C2}.Debug|Any CPU.ActiveCfg = Debug|Any CPU
		{A4232118-F061-4920-A7AE-ED23FCBF74C2}.Debug|Any CPU.Build.0 = Debug|Any CPU
		{A4232118-F061-4920-A7AE-ED23FCBF74C2}.Release|Any CPU.ActiveCfg = Release|Any CPU
		{A4232118-F061-4920-A7AE-ED23FCBF74C2}.Release|Any CPU.Build.0 = Release|Any CPU
		{393C69CF-C045-4624-ACE3-64EF10D83E2C}.Debug|Any CPU.ActiveCfg = Debug|Any CPU
		{393C69CF-C045-4624-ACE3-64EF10D83E2C}.Debug|Any CPU.Build.0 = Debug|Any CPU
		{393C69CF-C045-4624-ACE3-64EF10D83E2C}.Release|Any CPU.ActiveCfg = Release|Any CPU
		{393C69CF-C045-4624-ACE3-64EF10D83E2C}.Release|Any CPU.Build.0 = Release|Any CPU
		{C390074E-99CD-4578-A663-A6D55DD4A454}.Debug|Any CPU.ActiveCfg = Debug|Any CPU
		{C390074E-99CD-4578-A663-A6D55DD4A454}.Debug|Any CPU.Build.0 = Debug|Any CPU
		{C390074E-99CD-4578-A663-A6D55DD4A454}.Release|Any CPU.ActiveCfg = Release|Any CPU
		{C390074E-99CD-4578-A663-A6D55DD4A454}.Release|Any CPU.Build.0 = Release|Any CPU
		{ADFC7B7B-FAF6-49B0-A5C8-34995E513B58}.Debug|Any CPU.ActiveCfg = Debug|Any CPU
		{ADFC7B7B-FAF6-49B0-A5C8-34995E513B58}.Debug|Any CPU.Build.0 = Debug|Any CPU
		{ADFC7B7B-FAF6-49B0-A5C8-34995E513B58}.Release|Any CPU.ActiveCfg = Release|Any CPU
		{ADFC7B7B-FAF6-49B0-A5C8-34995E513B58}.Release|Any CPU.Build.0 = Release|Any CPU
		{31C6401B-7B90-47DC-8D36-F3EA391BD08B}.Debug|Any CPU.ActiveCfg = Debug|Any CPU
		{31C6401B-7B90-47DC-8D36-F3EA391BD08B}.Debug|Any CPU.Build.0 = Debug|Any CPU
		{31C6401B-7B90-47DC-8D36-F3EA391BD08B}.Release|Any CPU.ActiveCfg = Release|Any CPU
		{31C6401B-7B90-47DC-8D36-F3EA391BD08B}.Release|Any CPU.Build.0 = Release|Any CPU
		{D6CE2066-4D42-48C3-AEF5-076ECF51B679}.Debug|Any CPU.ActiveCfg = Debug|Any CPU
		{D6CE2066-4D42-48C3-AEF5-076ECF51B679}.Debug|Any CPU.Build.0 = Debug|Any CPU
		{D6CE2066-4D42-48C3-AEF5-076ECF51B679}.Release|Any CPU.ActiveCfg = Release|Any CPU
		{D6CE2066-4D42-48C3-AEF5-076ECF51B679}.Release|Any CPU.Build.0 = Release|Any CPU
		{A097B023-D29A-41E7-A180-26BBA8C3C00C}.Debug|Any CPU.ActiveCfg = Debug|Any CPU
		{A097B023-D29A-41E7-A180-26BBA8C3C00C}.Debug|Any CPU.Build.0 = Debug|Any CPU
		{A097B023-D29A-41E7-A180-26BBA8C3C00C}.Release|Any CPU.ActiveCfg = Release|Any CPU
		{A097B023-D29A-41E7-A180-26BBA8C3C00C}.Release|Any CPU.Build.0 = Release|Any CPU
		{9201A3DD-4891-4C1B-AD3D-AD7B8EDAE053}.Debug|Any CPU.ActiveCfg = Debug|Any CPU
		{9201A3DD-4891-4C1B-AD3D-AD7B8EDAE053}.Debug|Any CPU.Build.0 = Debug|Any CPU
		{9201A3DD-4891-4C1B-AD3D-AD7B8EDAE053}.Release|Any CPU.ActiveCfg = Release|Any CPU
		{9201A3DD-4891-4C1B-AD3D-AD7B8EDAE053}.Release|Any CPU.Build.0 = Release|Any CPU
		{5A42481A-ED0C-4245-B649-34BF304F05E0}.Debug|Any CPU.ActiveCfg = Debug|Any CPU
		{5A42481A-ED0C-4245-B649-34BF304F05E0}.Debug|Any CPU.Build.0 = Debug|Any CPU
		{5A42481A-ED0C-4245-B649-34BF304F05E0}.Release|Any CPU.ActiveCfg = Release|Any CPU
		{5A42481A-ED0C-4245-B649-34BF304F05E0}.Release|Any CPU.Build.0 = Release|Any CPU
		{4065B528-5C63-491C-BA8A-82B0C3B19F06}.Debug|Any CPU.ActiveCfg = Debug|Any CPU
		{4065B528-5C63-491C-BA8A-82B0C3B19F06}.Debug|Any CPU.Build.0 = Debug|Any CPU
		{4065B528-5C63-491C-BA8A-82B0C3B19F06}.Release|Any CPU.ActiveCfg = Release|Any CPU
		{4065B528-5C63-491C-BA8A-82B0C3B19F06}.Release|Any CPU.Build.0 = Release|Any CPU
		{09D7E43C-6889-425E-9613-513571634045}.Debug|Any CPU.ActiveCfg = Debug|Any CPU
		{09D7E43C-6889-425E-9613-513571634045}.Debug|Any CPU.Build.0 = Debug|Any CPU
		{09D7E43C-6889-425E-9613-513571634045}.Release|Any CPU.ActiveCfg = Release|Any CPU
		{09D7E43C-6889-425E-9613-513571634045}.Release|Any CPU.Build.0 = Release|Any CPU
		{4A07C4CC-5A16-46E0-8542-0ECF2B91076C}.Debug|Any CPU.ActiveCfg = Debug|Any CPU
		{4A07C4CC-5A16-46E0-8542-0ECF2B91076C}.Debug|Any CPU.Build.0 = Debug|Any CPU
		{4A07C4CC-5A16-46E0-8542-0ECF2B91076C}.Release|Any CPU.ActiveCfg = Release|Any CPU
		{4A07C4CC-5A16-46E0-8542-0ECF2B91076C}.Release|Any CPU.Build.0 = Release|Any CPU
		{DE78ADA4-D5C6-422A-97B0-EBED02D9943B}.Debug|Any CPU.ActiveCfg = Debug|Any CPU
		{DE78ADA4-D5C6-422A-97B0-EBED02D9943B}.Debug|Any CPU.Build.0 = Debug|Any CPU
		{DE78ADA4-D5C6-422A-97B0-EBED02D9943B}.Release|Any CPU.ActiveCfg = Release|Any CPU
		{DE78ADA4-D5C6-422A-97B0-EBED02D9943B}.Release|Any CPU.Build.0 = Release|Any CPU
		{56F46CA2-4B4E-4004-8B43-67F290A52B8A}.Debug|Any CPU.ActiveCfg = Debug|Any CPU
		{56F46CA2-4B4E-4004-8B43-67F290A52B8A}.Debug|Any CPU.Build.0 = Debug|Any CPU
		{56F46CA2-4B4E-4004-8B43-67F290A52B8A}.Release|Any CPU.ActiveCfg = Release|Any CPU
		{56F46CA2-4B4E-4004-8B43-67F290A52B8A}.Release|Any CPU.Build.0 = Release|Any CPU
		{7A613CF8-9DE9-4630-85CC-E04257B53171}.Debug|Any CPU.ActiveCfg = Debug|Any CPU
		{7A613CF8-9DE9-4630-85CC-E04257B53171}.Debug|Any CPU.Build.0 = Debug|Any CPU
		{7A613CF8-9DE9-4630-85CC-E04257B53171}.Release|Any CPU.ActiveCfg = Release|Any CPU
		{7A613CF8-9DE9-4630-85CC-E04257B53171}.Release|Any CPU.Build.0 = Release|Any CPU
		{CD83EAE5-8E2E-493D-8B9B-F8CA4D3A839C}.Debug|Any CPU.ActiveCfg = Debug|Any CPU
		{CD83EAE5-8E2E-493D-8B9B-F8CA4D3A839C}.Debug|Any CPU.Build.0 = Debug|Any CPU
		{CD83EAE5-8E2E-493D-8B9B-F8CA4D3A839C}.Release|Any CPU.ActiveCfg = Release|Any CPU
		{CD83EAE5-8E2E-493D-8B9B-F8CA4D3A839C}.Release|Any CPU.Build.0 = Release|Any CPU
		{FF046705-C5FC-4897-B621-C230CA9F8C42}.Debug|Any CPU.ActiveCfg = Debug|Any CPU
		{FF046705-C5FC-4897-B621-C230CA9F8C42}.Debug|Any CPU.Build.0 = Debug|Any CPU
		{FF046705-C5FC-4897-B621-C230CA9F8C42}.Release|Any CPU.ActiveCfg = Release|Any CPU
		{FF046705-C5FC-4897-B621-C230CA9F8C42}.Release|Any CPU.Build.0 = Release|Any CPU
		{3F32890F-ADCE-4B10-9C6A-48F27586ECCC}.Debug|Any CPU.ActiveCfg = Debug|Any CPU
		{3F32890F-ADCE-4B10-9C6A-48F27586ECCC}.Debug|Any CPU.Build.0 = Debug|Any CPU
		{3F32890F-ADCE-4B10-9C6A-48F27586ECCC}.Release|Any CPU.ActiveCfg = Release|Any CPU
		{3F32890F-ADCE-4B10-9C6A-48F27586ECCC}.Release|Any CPU.Build.0 = Release|Any CPU
		{81DEA9E0-FE5D-4BBE-879A-2DE8039A9AAF}.Debug|Any CPU.ActiveCfg = Debug|Any CPU
		{81DEA9E0-FE5D-4BBE-879A-2DE8039A9AAF}.Debug|Any CPU.Build.0 = Debug|Any CPU
		{81DEA9E0-FE5D-4BBE-879A-2DE8039A9AAF}.Release|Any CPU.ActiveCfg = Release|Any CPU
		{81DEA9E0-FE5D-4BBE-879A-2DE8039A9AAF}.Release|Any CPU.Build.0 = Release|Any CPU
		{18366F99-0AE8-414D-8BFA-005CA8C17388}.Debug|Any CPU.ActiveCfg = Debug|Any CPU
		{18366F99-0AE8-414D-8BFA-005CA8C17388}.Debug|Any CPU.Build.0 = Debug|Any CPU
		{18366F99-0AE8-414D-8BFA-005CA8C17388}.Release|Any CPU.ActiveCfg = Release|Any CPU
		{18366F99-0AE8-414D-8BFA-005CA8C17388}.Release|Any CPU.Build.0 = Release|Any CPU
		{7FAFEF82-A759-45F3-8737-F0A0F19BC657}.Debug|Any CPU.ActiveCfg = Debug|Any CPU
		{7FAFEF82-A759-45F3-8737-F0A0F19BC657}.Debug|Any CPU.Build.0 = Debug|Any CPU
		{7FAFEF82-A759-45F3-8737-F0A0F19BC657}.Release|Any CPU.ActiveCfg = Release|Any CPU
		{7FAFEF82-A759-45F3-8737-F0A0F19BC657}.Release|Any CPU.Build.0 = Release|Any CPU
		{F16AA73C-6C54-4026-91CA-3299D57CDEA1}.Debug|Any CPU.ActiveCfg = Debug|Any CPU
		{F16AA73C-6C54-4026-91CA-3299D57CDEA1}.Debug|Any CPU.Build.0 = Debug|Any CPU
		{F16AA73C-6C54-4026-91CA-3299D57CDEA1}.Release|Any CPU.ActiveCfg = Release|Any CPU
		{F16AA73C-6C54-4026-91CA-3299D57CDEA1}.Release|Any CPU.Build.0 = Release|Any CPU
		{349124CC-A856-4996-8938-99E4C9247B02}.Debug|Any CPU.ActiveCfg = Debug|Any CPU
		{349124CC-A856-4996-8938-99E4C9247B02}.Debug|Any CPU.Build.0 = Debug|Any CPU
		{349124CC-A856-4996-8938-99E4C9247B02}.Release|Any CPU.ActiveCfg = Release|Any CPU
		{349124CC-A856-4996-8938-99E4C9247B02}.Release|Any CPU.Build.0 = Release|Any CPU
		{F2858712-B5E7-495A-B3FE-3D0760B66656}.Debug|Any CPU.ActiveCfg = Debug|Any CPU
		{F2858712-B5E7-495A-B3FE-3D0760B66656}.Debug|Any CPU.Build.0 = Debug|Any CPU
		{F2858712-B5E7-495A-B3FE-3D0760B66656}.Release|Any CPU.ActiveCfg = Release|Any CPU
		{F2858712-B5E7-495A-B3FE-3D0760B66656}.Release|Any CPU.Build.0 = Release|Any CPU
		{FF359B36-3FEC-40D3-B5DA-4FEB165F927C}.Debug|Any CPU.ActiveCfg = Debug|Any CPU
		{FF359B36-3FEC-40D3-B5DA-4FEB165F927C}.Debug|Any CPU.Build.0 = Debug|Any CPU
		{FF359B36-3FEC-40D3-B5DA-4FEB165F927C}.Release|Any CPU.ActiveCfg = Release|Any CPU
		{FF359B36-3FEC-40D3-B5DA-4FEB165F927C}.Release|Any CPU.Build.0 = Release|Any CPU
		{42E4D2B5-ED3E-421E-A669-7C4BE0165516}.Debug|Any CPU.ActiveCfg = Debug|Any CPU
		{42E4D2B5-ED3E-421E-A669-7C4BE0165516}.Debug|Any CPU.Build.0 = Debug|Any CPU
		{42E4D2B5-ED3E-421E-A669-7C4BE0165516}.Release|Any CPU.ActiveCfg = Release|Any CPU
		{42E4D2B5-ED3E-421E-A669-7C4BE0165516}.Release|Any CPU.Build.0 = Release|Any CPU
		{C1777640-16CA-47DB-AFBF-956EF6B07F37}.Debug|Any CPU.ActiveCfg = Debug|Any CPU
		{C1777640-16CA-47DB-AFBF-956EF6B07F37}.Debug|Any CPU.Build.0 = Debug|Any CPU
		{C1777640-16CA-47DB-AFBF-956EF6B07F37}.Release|Any CPU.ActiveCfg = Release|Any CPU
		{C1777640-16CA-47DB-AFBF-956EF6B07F37}.Release|Any CPU.Build.0 = Release|Any CPU
		{B8445EAC-1532-400A-A54B-EB6FE70A4F4F}.Debug|Any CPU.ActiveCfg = Debug|Any CPU
		{B8445EAC-1532-400A-A54B-EB6FE70A4F4F}.Debug|Any CPU.Build.0 = Debug|Any CPU
		{B8445EAC-1532-400A-A54B-EB6FE70A4F4F}.Release|Any CPU.ActiveCfg = Release|Any CPU
		{B8445EAC-1532-400A-A54B-EB6FE70A4F4F}.Release|Any CPU.Build.0 = Release|Any CPU
		{D6FCECC9-D779-462F-A674-D6854259EBAC}.Debug|Any CPU.ActiveCfg = Debug|Any CPU
		{D6FCECC9-D779-462F-A674-D6854259EBAC}.Debug|Any CPU.Build.0 = Debug|Any CPU
		{D6FCECC9-D779-462F-A674-D6854259EBAC}.Release|Any CPU.ActiveCfg = Release|Any CPU
		{D6FCECC9-D779-462F-A674-D6854259EBAC}.Release|Any CPU.Build.0 = Release|Any CPU
	EndGlobalSection
	GlobalSection(SolutionProperties) = preSolution
		HideSolutionNode = FALSE
	EndGlobalSection
	GlobalSection(NestedProjects) = preSolution
		{1F58EAA8-55B6-411A-8CFF-739A0FA4F0FB} = {0D7348C2-9491-4B84-B619-A3D0DCC6C7A0}
		{6DA79CC1-DAFA-46ED-B855-1F6FE5AFE688} = {14D5A279-C185-46FB-9A0E-39306C29D9CE}
		{2CF91FF3-1E33-4297-9814-4DD53B437416} = {14D5A279-C185-46FB-9A0E-39306C29D9CE}
		{DC70A524-D2BE-45A4-8148-FC452AE5F8C1} = {14D5A279-C185-46FB-9A0E-39306C29D9CE}
		{2D488BEE-9DED-4D3B-871E-BC972731D77F} = {14D5A279-C185-46FB-9A0E-39306C29D9CE}
		{DE8AC213-7722-452D-987B-D6D0B6CFFE35} = {69886299-70F8-49CB-A673-6C00A69D75F5}
		{D500CAC9-5ABB-4322-8319-C976666B9756} = {69886299-70F8-49CB-A673-6C00A69D75F5}
		{C1C33F33-1FBF-445F-B11D-026460025AF4} = {69886299-70F8-49CB-A673-6C00A69D75F5}
		{A4232118-F061-4920-A7AE-ED23FCBF74C2} = {69886299-70F8-49CB-A673-6C00A69D75F5}
		{393C69CF-C045-4624-ACE3-64EF10D83E2C} = {BA1B85A2-2254-42D5-8528-2976D2B247EF}
		{C390074E-99CD-4578-A663-A6D55DD4A454} = {BA1B85A2-2254-42D5-8528-2976D2B247EF}
		{ADFC7B7B-FAF6-49B0-A5C8-34995E513B58} = {BA1B85A2-2254-42D5-8528-2976D2B247EF}
		{31C6401B-7B90-47DC-8D36-F3EA391BD08B} = {BA1B85A2-2254-42D5-8528-2976D2B247EF}
		{D6CE2066-4D42-48C3-AEF5-076ECF51B679} = {E9F30DF1-490E-4414-BE22-9587C812F738}
		{A097B023-D29A-41E7-A180-26BBA8C3C00C} = {E9F30DF1-490E-4414-BE22-9587C812F738}
		{9201A3DD-4891-4C1B-AD3D-AD7B8EDAE053} = {E9F30DF1-490E-4414-BE22-9587C812F738}
		{5A42481A-ED0C-4245-B649-34BF304F05E0} = {E9F30DF1-490E-4414-BE22-9587C812F738}
		{4065B528-5C63-491C-BA8A-82B0C3B19F06} = {1CDECF73-A63A-4FB2-B418-9D88AE5C95E4}
		{09D7E43C-6889-425E-9613-513571634045} = {1CDECF73-A63A-4FB2-B418-9D88AE5C95E4}
		{4A07C4CC-5A16-46E0-8542-0ECF2B91076C} = {1CDECF73-A63A-4FB2-B418-9D88AE5C95E4}
		{DE78ADA4-D5C6-422A-97B0-EBED02D9943B} = {1CDECF73-A63A-4FB2-B418-9D88AE5C95E4}
		{56F46CA2-4B4E-4004-8B43-67F290A52B8A} = {A0082D8E-62CA-44DA-86A7-1BC7928A960E}
		{7A613CF8-9DE9-4630-85CC-E04257B53171} = {A0082D8E-62CA-44DA-86A7-1BC7928A960E}
		{CD83EAE5-8E2E-493D-8B9B-F8CA4D3A839C} = {A0082D8E-62CA-44DA-86A7-1BC7928A960E}
		{FF046705-C5FC-4897-B621-C230CA9F8C42} = {A0082D8E-62CA-44DA-86A7-1BC7928A960E}
		{3F32890F-ADCE-4B10-9C6A-48F27586ECCC} = {995364B6-F2B4-4A64-90B0-C1A57A3E41F4}
		{81DEA9E0-FE5D-4BBE-879A-2DE8039A9AAF} = {995364B6-F2B4-4A64-90B0-C1A57A3E41F4}
		{18366F99-0AE8-414D-8BFA-005CA8C17388} = {995364B6-F2B4-4A64-90B0-C1A57A3E41F4}
		{7FAFEF82-A759-45F3-8737-F0A0F19BC657} = {995364B6-F2B4-4A64-90B0-C1A57A3E41F4}
		{F16AA73C-6C54-4026-91CA-3299D57CDEA1} = {48C44B40-6076-490C-8AD4-7318CD13C5DE}
		{349124CC-A856-4996-8938-99E4C9247B02} = {48C44B40-6076-490C-8AD4-7318CD13C5DE}
		{F2858712-B5E7-495A-B3FE-3D0760B66656} = {48C44B40-6076-490C-8AD4-7318CD13C5DE}
		{FF359B36-3FEC-40D3-B5DA-4FEB165F927C} = {48C44B40-6076-490C-8AD4-7318CD13C5DE}
		{42E4D2B5-ED3E-421E-A669-7C4BE0165516} = {8E0840E4-AE24-4985-8A80-B6218A10442F}
		{C1777640-16CA-47DB-AFBF-956EF6B07F37} = {8E0840E4-AE24-4985-8A80-B6218A10442F}
		{B8445EAC-1532-400A-A54B-EB6FE70A4F4F} = {8E0840E4-AE24-4985-8A80-B6218A10442F}
		{D6FCECC9-D779-462F-A674-D6854259EBAC} = {8E0840E4-AE24-4985-8A80-B6218A10442F}
	EndGlobalSection
	GlobalSection(ExtensibilityGlobals) = postSolution
		SolutionGuid = {70E589F1-5C4D-4D94-8D2D-B3A3EBB33D26}
	EndGlobalSection
EndGlobal
